// !$*UTF8*$!
{
	archiveVersion = 1;
	classes = {
	};
	objectVersion = 46;
	objects = {

/* Begin PBXBuildFile section */
		6095B23E61DB28D464E83028 /* Pods_ContactCard.framework in Frameworks */ = {isa = PBXBuildFile; fileRef = F869EDA39CF039D5C87995A6 /* Pods_ContactCard.framework */; };
		E8616EC51BD7AE5B0005F779 /* CoreData.xcdatamodeld in Sources */ = {isa = PBXBuildFile; fileRef = E8616EC31BD7AE5B0005F779 /* CoreData.xcdatamodeld */; settings = {ASSET_TAGS = (); }; };
		E89D60CF1BD4D0780060D179 /* AppDelegate.swift in Sources */ = {isa = PBXBuildFile; fileRef = E89D60CE1BD4D0780060D179 /* AppDelegate.swift */; };
		E89D60D11BD4D0780060D179 /* DetailViewController.swift in Sources */ = {isa = PBXBuildFile; fileRef = E89D60D01BD4D0780060D179 /* DetailViewController.swift */; };
		E89D60D41BD4D0780060D179 /* Main.storyboard in Resources */ = {isa = PBXBuildFile; fileRef = E89D60D21BD4D0780060D179 /* Main.storyboard */; };
		E89D60D61BD4D0780060D179 /* Assets.xcassets in Resources */ = {isa = PBXBuildFile; fileRef = E89D60D51BD4D0780060D179 /* Assets.xcassets */; };
		E89D60D91BD4D0780060D179 /* LaunchScreen.storyboard in Resources */ = {isa = PBXBuildFile; fileRef = E89D60D71BD4D0780060D179 /* LaunchScreen.storyboard */; };
		E89D60E41BD4D0780060D179 /* ContactCardTests.swift in Sources */ = {isa = PBXBuildFile; fileRef = E89D60E31BD4D0780060D179 /* ContactCardTests.swift */; };
		E89D60EF1BD4D0780060D179 /* ContactCardUITests.swift in Sources */ = {isa = PBXBuildFile; fileRef = E89D60EE1BD4D0780060D179 /* ContactCardUITests.swift */; };
		E8E618FA1BD4E0310006E492 /* Person.swift in Sources */ = {isa = PBXBuildFile; fileRef = E8E618F91BD4E0310006E492 /* Person.swift */; settings = {ASSET_TAGS = (); }; };
		E8E618FC1BD4E32F0006E492 /* TableViewController.swift in Sources */ = {isa = PBXBuildFile; fileRef = E8E618FB1BD4E32F0006E492 /* TableViewController.swift */; settings = {ASSET_TAGS = (); }; };
		E8E618FE1BD4F9E80006E492 /* ApiManager.swift in Sources */ = {isa = PBXBuildFile; fileRef = E8E618FD1BD4F9E80006E492 /* ApiManager.swift */; settings = {ASSET_TAGS = (); }; };
/* End PBXBuildFile section */

/* Begin PBXContainerItemProxy section */
		E89D60E01BD4D0780060D179 /* PBXContainerItemProxy */ = {
			isa = PBXContainerItemProxy;
			containerPortal = E89D60C31BD4D0770060D179 /* Project object */;
			proxyType = 1;
			remoteGlobalIDString = E89D60CA1BD4D0770060D179;
			remoteInfo = ContactCard;
		};
		E89D60EB1BD4D0780060D179 /* PBXContainerItemProxy */ = {
			isa = PBXContainerItemProxy;
			containerPortal = E89D60C31BD4D0770060D179 /* Project object */;
			proxyType = 1;
			remoteGlobalIDString = E89D60CA1BD4D0770060D179;
			remoteInfo = ContactCard;
		};
/* End PBXContainerItemProxy section */

/* Begin PBXFileReference section */
		83EC755156603541ED45D1B9 /* Pods-ContactCard.release.xcconfig */ = {isa = PBXFileReference; includeInIndex = 1; lastKnownFileType = text.xcconfig; name = "Pods-ContactCard.release.xcconfig"; path = "Pods/Target Support Files/Pods-ContactCard/Pods-ContactCard.release.xcconfig"; sourceTree = "<group>"; };
		89400ED334BA75277F7366F6 /* Pods-ContactCard.debug.xcconfig */ = {isa = PBXFileReference; includeInIndex = 1; lastKnownFileType = text.xcconfig; name = "Pods-ContactCard.debug.xcconfig"; path = "Pods/Target Support Files/Pods-ContactCard/Pods-ContactCard.debug.xcconfig"; sourceTree = "<group>"; };
		E8616EC41BD7AE5B0005F779 /* CoreData.xcdatamodel */ = {isa = PBXFileReference; lastKnownFileType = wrapper.xcdatamodel; path = CoreData.xcdatamodel; sourceTree = "<group>"; };
		E89D60CB1BD4D0780060D179 /* ContactCard.app */ = {isa = PBXFileReference; explicitFileType = wrapper.application; includeInIndex = 0; path = ContactCard.app; sourceTree = BUILT_PRODUCTS_DIR; };
		E89D60CE1BD4D0780060D179 /* AppDelegate.swift */ = {isa = PBXFileReference; lastKnownFileType = sourcecode.swift; path = AppDelegate.swift; sourceTree = "<group>"; };
		E89D60D01BD4D0780060D179 /* DetailViewController.swift */ = {isa = PBXFileReference; lastKnownFileType = sourcecode.swift; path = DetailViewController.swift; sourceTree = "<group>"; };
		E89D60D31BD4D0780060D179 /* Base */ = {isa = PBXFileReference; lastKnownFileType = file.storyboard; name = Base; path = Base.lproj/Main.storyboard; sourceTree = "<group>"; };
		E89D60D51BD4D0780060D179 /* Assets.xcassets */ = {isa = PBXFileReference; lastKnownFileType = folder.assetcatalog; path = Assets.xcassets; sourceTree = "<group>"; };
		E89D60D81BD4D0780060D179 /* Base */ = {isa = PBXFileReference; lastKnownFileType = file.storyboard; name = Base; path = Base.lproj/LaunchScreen.storyboard; sourceTree = "<group>"; };
		E89D60DA1BD4D0780060D179 /* Info.plist */ = {isa = PBXFileReference; lastKnownFileType = text.plist.xml; path = Info.plist; sourceTree = "<group>"; };
		E89D60DF1BD4D0780060D179 /* ContactCardTests.xctest */ = {isa = PBXFileReference; explicitFileType = wrapper.cfbundle; includeInIndex = 0; path = ContactCardTests.xctest; sourceTree = BUILT_PRODUCTS_DIR; };
		E89D60E31BD4D0780060D179 /* ContactCardTests.swift */ = {isa = PBXFileReference; lastKnownFileType = sourcecode.swift; path = ContactCardTests.swift; sourceTree = "<group>"; };
		E89D60E51BD4D0780060D179 /* Info.plist */ = {isa = PBXFileReference; lastKnownFileType = text.plist.xml; path = Info.plist; sourceTree = "<group>"; };
		E89D60EA1BD4D0780060D179 /* ContactCardUITests.xctest */ = {isa = PBXFileReference; explicitFileType = wrapper.cfbundle; includeInIndex = 0; path = ContactCardUITests.xctest; sourceTree = BUILT_PRODUCTS_DIR; };
		E89D60EE1BD4D0780060D179 /* ContactCardUITests.swift */ = {isa = PBXFileReference; lastKnownFileType = sourcecode.swift; path = ContactCardUITests.swift; sourceTree = "<group>"; };
		E89D60F01BD4D0780060D179 /* Info.plist */ = {isa = PBXFileReference; lastKnownFileType = text.plist.xml; path = Info.plist; sourceTree = "<group>"; };
		E8E618F91BD4E0310006E492 /* Person.swift */ = {isa = PBXFileReference; fileEncoding = 4; lastKnownFileType = sourcecode.swift; path = Person.swift; sourceTree = "<group>"; };
		E8E618FB1BD4E32F0006E492 /* TableViewController.swift */ = {isa = PBXFileReference; fileEncoding = 4; lastKnownFileType = sourcecode.swift; path = TableViewController.swift; sourceTree = "<group>"; };
		E8E618FD1BD4F9E80006E492 /* ApiManager.swift */ = {isa = PBXFileReference; fileEncoding = 4; lastKnownFileType = sourcecode.swift; path = ApiManager.swift; sourceTree = "<group>"; };
		F869EDA39CF039D5C87995A6 /* Pods_ContactCard.framework */ = {isa = PBXFileReference; explicitFileType = wrapper.framework; includeInIndex = 0; path = Pods_ContactCard.framework; sourceTree = BUILT_PRODUCTS_DIR; };
/* End PBXFileReference section */

/* Begin PBXFrameworksBuildPhase section */
		E89D60C81BD4D0770060D179 /* Frameworks */ = {
			isa = PBXFrameworksBuildPhase;
			buildActionMask = 2147483647;
			files = (
				6095B23E61DB28D464E83028 /* Pods_ContactCard.framework in Frameworks */,
			);
			runOnlyForDeploymentPostprocessing = 0;
		};
		E89D60DC1BD4D0780060D179 /* Frameworks */ = {
			isa = PBXFrameworksBuildPhase;
			buildActionMask = 2147483647;
			files = (
			);
			runOnlyForDeploymentPostprocessing = 0;
		};
		E89D60E71BD4D0780060D179 /* Frameworks */ = {
			isa = PBXFrameworksBuildPhase;
			buildActionMask = 2147483647;
			files = (
			);
			runOnlyForDeploymentPostprocessing = 0;
		};
/* End PBXFrameworksBuildPhase section */

/* Begin PBXGroup section */
		B8E95DA1546073FDADA1190D /* Frameworks */ = {
			isa = PBXGroup;
			children = (
				F869EDA39CF039D5C87995A6 /* Pods_ContactCard.framework */,
			);
			name = Frameworks;
			sourceTree = "<group>";
		};
		C2EAD80F6592525C22F8C674 /* Pods */ = {
			isa = PBXGroup;
			children = (
				89400ED334BA75277F7366F6 /* Pods-ContactCard.debug.xcconfig */,
				83EC755156603541ED45D1B9 /* Pods-ContactCard.release.xcconfig */,
			);
			name = Pods;
			sourceTree = "<group>";
		};
		E89D60C21BD4D0770060D179 = {
			isa = PBXGroup;
			children = (
				E89D60CD1BD4D0780060D179 /* ContactCard */,
				E89D60E21BD4D0780060D179 /* ContactCardTests */,
				E89D60ED1BD4D0780060D179 /* ContactCardUITests */,
				E89D60CC1BD4D0780060D179 /* Products */,
				C2EAD80F6592525C22F8C674 /* Pods */,
				B8E95DA1546073FDADA1190D /* Frameworks */,
			);
			sourceTree = "<group>";
		};
		E89D60CC1BD4D0780060D179 /* Products */ = {
			isa = PBXGroup;
			children = (
				E89D60CB1BD4D0780060D179 /* ContactCard.app */,
				E89D60DF1BD4D0780060D179 /* ContactCardTests.xctest */,
				E89D60EA1BD4D0780060D179 /* ContactCardUITests.xctest */,
			);
			name = Products;
			sourceTree = "<group>";
		};
		E89D60CD1BD4D0780060D179 /* ContactCard */ = {
			isa = PBXGroup;
			children = (
				E89D60CE1BD4D0780060D179 /* AppDelegate.swift */,
				E89D60D01BD4D0780060D179 /* DetailViewController.swift */,
				E89D60D21BD4D0780060D179 /* Main.storyboard */,
				E89D60D51BD4D0780060D179 /* Assets.xcassets */,
				E89D60D71BD4D0780060D179 /* LaunchScreen.storyboard */,
				E89D60DA1BD4D0780060D179 /* Info.plist */,
				E8E618F91BD4E0310006E492 /* Person.swift */,
				E8E618FB1BD4E32F0006E492 /* TableViewController.swift */,
				E8E618FD1BD4F9E80006E492 /* ApiManager.swift */,
				E8616EC31BD7AE5B0005F779 /* CoreData.xcdatamodeld */,
			);
			path = ContactCard;
			sourceTree = "<group>";
		};
		E89D60E21BD4D0780060D179 /* ContactCardTests */ = {
			isa = PBXGroup;
			children = (
				E89D60E31BD4D0780060D179 /* ContactCardTests.swift */,
				E89D60E51BD4D0780060D179 /* Info.plist */,
			);
			path = ContactCardTests;
			sourceTree = "<group>";
		};
		E89D60ED1BD4D0780060D179 /* ContactCardUITests */ = {
			isa = PBXGroup;
			children = (
				E89D60EE1BD4D0780060D179 /* ContactCardUITests.swift */,
				E89D60F01BD4D0780060D179 /* Info.plist */,
			);
			path = ContactCardUITests;
			sourceTree = "<group>";
		};
/* End PBXGroup section */

/* Begin PBXNativeTarget section */
		E89D60CA1BD4D0770060D179 /* ContactCard */ = {
			isa = PBXNativeTarget;
			buildConfigurationList = E89D60F31BD4D0780060D179 /* Build configuration list for PBXNativeTarget "ContactCard" */;
			buildPhases = (
				7FE3A79EFE8F687FCC8AE692 /* Check Pods Manifest.lock */,
				E89D60C71BD4D0770060D179 /* Sources */,
				E89D60C81BD4D0770060D179 /* Frameworks */,
				E89D60C91BD4D0770060D179 /* Resources */,
				4ADF4DD1240E97282BDC624B /* Embed Pods Frameworks */,
				C8B9C1948E209F5133676A2D /* Copy Pods Resources */,
			);
			buildRules = (
			);
			dependencies = (
			);
			name = ContactCard;
			productName = ContactCard;
			productReference = E89D60CB1BD4D0780060D179 /* ContactCard.app */;
			productType = "com.apple.product-type.application";
		};
		E89D60DE1BD4D0780060D179 /* ContactCardTests */ = {
			isa = PBXNativeTarget;
			buildConfigurationList = E89D60F61BD4D0780060D179 /* Build configuration list for PBXNativeTarget "ContactCardTests" */;
			buildPhases = (
				E89D60DB1BD4D0780060D179 /* Sources */,
				E89D60DC1BD4D0780060D179 /* Frameworks */,
				E89D60DD1BD4D0780060D179 /* Resources */,
			);
			buildRules = (
			);
			dependencies = (
				E89D60E11BD4D0780060D179 /* PBXTargetDependency */,
			);
			name = ContactCardTests;
			productName = ContactCardTests;
			productReference = E89D60DF1BD4D0780060D179 /* ContactCardTests.xctest */;
			productType = "com.apple.product-type.bundle.unit-test";
		};
		E89D60E91BD4D0780060D179 /* ContactCardUITests */ = {
			isa = PBXNativeTarget;
			buildConfigurationList = E89D60F91BD4D0780060D179 /* Build configuration list for PBXNativeTarget "ContactCardUITests" */;
			buildPhases = (
				E89D60E61BD4D0780060D179 /* Sources */,
				E89D60E71BD4D0780060D179 /* Frameworks */,
				E89D60E81BD4D0780060D179 /* Resources */,
			);
			buildRules = (
			);
			dependencies = (
				E89D60EC1BD4D0780060D179 /* PBXTargetDependency */,
			);
			name = ContactCardUITests;
			productName = ContactCardUITests;
			productReference = E89D60EA1BD4D0780060D179 /* ContactCardUITests.xctest */;
			productType = "com.apple.product-type.bundle.ui-testing";
		};
/* End PBXNativeTarget section */

/* Begin PBXProject section */
		E89D60C31BD4D0770060D179 /* Project object */ = {
			isa = PBXProject;
			attributes = {
				LastUpgradeCheck = 0700;
				ORGANIZATIONNAME = "Ruben de Haas";
				TargetAttributes = {
					E89D60CA1BD4D0770060D179 = {
						CreatedOnToolsVersion = 7.0;
					};
					E89D60DE1BD4D0780060D179 = {
						CreatedOnToolsVersion = 7.0;
						TestTargetID = E89D60CA1BD4D0770060D179;
					};
					E89D60E91BD4D0780060D179 = {
						CreatedOnToolsVersion = 7.0;
						TestTargetID = E89D60CA1BD4D0770060D179;
					};
				};
			};
			buildConfigurationList = E89D60C61BD4D0770060D179 /* Build configuration list for PBXProject "ContactCard" */;
			compatibilityVersion = "Xcode 3.2";
			developmentRegion = English;
			hasScannedForEncodings = 0;
			knownRegions = (
				en,
				Base,
			);
			mainGroup = E89D60C21BD4D0770060D179;
			productRefGroup = E89D60CC1BD4D0780060D179 /* Products */;
			projectDirPath = "";
			projectRoot = "";
			targets = (
				E89D60CA1BD4D0770060D179 /* ContactCard */,
				E89D60DE1BD4D0780060D179 /* ContactCardTests */,
				E89D60E91BD4D0780060D179 /* ContactCardUITests */,
			);
		};
/* End PBXProject section */

/* Begin PBXResourcesBuildPhase section */
		E89D60C91BD4D0770060D179 /* Resources */ = {
			isa = PBXResourcesBuildPhase;
			buildActionMask = 2147483647;
			files = (
				E89D60D91BD4D0780060D179 /* LaunchScreen.storyboard in Resources */,
				E89D60D61BD4D0780060D179 /* Assets.xcassets in Resources */,
				E89D60D41BD4D0780060D179 /* Main.storyboard in Resources */,
			);
			runOnlyForDeploymentPostprocessing = 0;
		};
		E89D60DD1BD4D0780060D179 /* Resources */ = {
			isa = PBXResourcesBuildPhase;
			buildActionMask = 2147483647;
			files = (
			);
			runOnlyForDeploymentPostprocessing = 0;
		};
		E89D60E81BD4D0780060D179 /* Resources */ = {
			isa = PBXResourcesBuildPhase;
			buildActionMask = 2147483647;
			files = (
			);
			runOnlyForDeploymentPostprocessing = 0;
		};
/* End PBXResourcesBuildPhase section */

/* Begin PBXShellScriptBuildPhase section */
		4ADF4DD1240E97282BDC624B /* Embed Pods Frameworks */ = {
			isa = PBXShellScriptBuildPhase;
			buildActionMask = 2147483647;
			files = (
			);
			inputPaths = (
			);
			name = "Embed Pods Frameworks";
			outputPaths = (
			);
			runOnlyForDeploymentPostprocessing = 0;
			shellPath = /bin/sh;
			shellScript = "\"${SRCROOT}/Pods/Target Support Files/Pods-ContactCard/Pods-ContactCard-frameworks.sh\"\n";
			showEnvVarsInLog = 0;
		};
		7FE3A79EFE8F687FCC8AE692 /* Check Pods Manifest.lock */ = {
			isa = PBXShellScriptBuildPhase;
			buildActionMask = 2147483647;
			files = (
			);
			inputPaths = (
			);
			name = "Check Pods Manifest.lock";
			outputPaths = (
			);
			runOnlyForDeploymentPostprocessing = 0;
			shellPath = /bin/sh;
			shellScript = "diff \"${PODS_ROOT}/../Podfile.lock\" \"${PODS_ROOT}/Manifest.lock\" > /dev/null\nif [[ $? != 0 ]] ; then\n    cat << EOM\nerror: The sandbox is not in sync with the Podfile.lock. Run 'pod install' or update your CocoaPods installation.\nEOM\n    exit 1\nfi\n";
			showEnvVarsInLog = 0;
		};
		C8B9C1948E209F5133676A2D /* Copy Pods Resources */ = {
			isa = PBXShellScriptBuildPhase;
			buildActionMask = 2147483647;
			files = (
			);
			inputPaths = (
			);
			name = "Copy Pods Resources";
			outputPaths = (
			);
			runOnlyForDeploymentPostprocessing = 0;
			shellPath = /bin/sh;
			shellScript = "\"${SRCROOT}/Pods/Target Support Files/Pods-ContactCard/Pods-ContactCard-resources.sh\"\n";
			showEnvVarsInLog = 0;
		};
/* End PBXShellScriptBuildPhase section */

/* Begin PBXSourcesBuildPhase section */
		E89D60C71BD4D0770060D179 /* Sources */ = {
			isa = PBXSourcesBuildPhase;
			buildActionMask = 2147483647;
			files = (
				E8E618FA1BD4E0310006E492 /* Person.swift in Sources */,
				E89D60D11BD4D0780060D179 /* DetailViewController.swift in Sources */,
				E8616EC51BD7AE5B0005F779 /* CoreData.xcdatamodeld in Sources */,
				E8E618FE1BD4F9E80006E492 /* ApiManager.swift in Sources */,
				E89D60CF1BD4D0780060D179 /* AppDelegate.swift in Sources */,
				E8E618FC1BD4E32F0006E492 /* TableViewController.swift in Sources */,
			);
			runOnlyForDeploymentPostprocessing = 0;
		};
		E89D60DB1BD4D0780060D179 /* Sources */ = {
			isa = PBXSourcesBuildPhase;
			buildActionMask = 2147483647;
			files = (
				E89D60E41BD4D0780060D179 /* ContactCardTests.swift in Sources */,
			);
			runOnlyForDeploymentPostprocessing = 0;
		};
		E89D60E61BD4D0780060D179 /* Sources */ = {
			isa = PBXSourcesBuildPhase;
			buildActionMask = 2147483647;
			files = (
				E89D60EF1BD4D0780060D179 /* ContactCardUITests.swift in Sources */,
			);
			runOnlyForDeploymentPostprocessing = 0;
		};
/* End PBXSourcesBuildPhase section */

/* Begin PBXTargetDependency section */
		E89D60E11BD4D0780060D179 /* PBXTargetDependency */ = {
			isa = PBXTargetDependency;
			target = E89D60CA1BD4D0770060D179 /* ContactCard */;
			targetProxy = E89D60E01BD4D0780060D179 /* PBXContainerItemProxy */;
		};
		E89D60EC1BD4D0780060D179 /* PBXTargetDependency */ = {
			isa = PBXTargetDependency;
			target = E89D60CA1BD4D0770060D179 /* ContactCard */;
			targetProxy = E89D60EB1BD4D0780060D179 /* PBXContainerItemProxy */;
		};
/* End PBXTargetDependency section */

/* Begin PBXVariantGroup section */
		E89D60D21BD4D0780060D179 /* Main.storyboard */ = {
			isa = PBXVariantGroup;
			children = (
				E89D60D31BD4D0780060D179 /* Base */,
			);
			name = Main.storyboard;
			sourceTree = "<group>";
		};
		E89D60D71BD4D0780060D179 /* LaunchScreen.storyboard */ = {
			isa = PBXVariantGroup;
			children = (
				E89D60D81BD4D0780060D179 /* Base */,
			);
			name = LaunchScreen.storyboard;
			sourceTree = "<group>";
		};
/* End PBXVariantGroup section */

/* Begin XCBuildConfiguration section */
		E89D60F11BD4D0780060D179 /* Debug */ = {
			isa = XCBuildConfiguration;
			buildSettings = {
				ALWAYS_SEARCH_USER_PATHS = NO;
				CLANG_CXX_LANGUAGE_STANDARD = "gnu++0x";
				CLANG_CXX_LIBRARY = "libc++";
				CLANG_ENABLE_MODULES = YES;
				CLANG_ENABLE_OBJC_ARC = YES;
				CLANG_WARN_BOOL_CONVERSION = YES;
				CLANG_WARN_CONSTANT_CONVERSION = YES;
				CLANG_WARN_DIRECT_OBJC_ISA_USAGE = YES_ERROR;
				CLANG_WARN_EMPTY_BODY = YES;
				CLANG_WARN_ENUM_CONVERSION = YES;
				CLANG_WARN_INT_CONVERSION = YES;
				CLANG_WARN_OBJC_ROOT_CLASS = YES_ERROR;
				CLANG_WARN_UNREACHABLE_CODE = YES;
				CLANG_WARN__DUPLICATE_METHOD_MATCH = YES;
				"CODE_SIGN_IDENTITY[sdk=iphoneos*]" = "iPhone Developer";
				COPY_PHASE_STRIP = NO;
				DEBUG_INFORMATION_FORMAT = dwarf;
				ENABLE_STRICT_OBJC_MSGSEND = YES;
				ENABLE_TESTABILITY = YES;
				GCC_C_LANGUAGE_STANDARD = gnu99;
				GCC_DYNAMIC_NO_PIC = NO;
				GCC_NO_COMMON_BLOCKS = YES;
				GCC_OPTIMIZATION_LEVEL = 0;
				GCC_PREPROCESSOR_DEFINITIONS = (
					"DEBUG=1",
					"$(inherited)",
				);
				GCC_WARN_64_TO_32_BIT_CONVERSION = YES;
				GCC_WARN_ABOUT_RETURN_TYPE = YES_ERROR;
				GCC_WARN_UNDECLARED_SELECTOR = YES;
				GCC_WARN_UNINITIALIZED_AUTOS = YES_AGGRESSIVE;
				GCC_WARN_UNUSED_FUNCTION = YES;
				GCC_WARN_UNUSED_VARIABLE = YES;
				IPHONEOS_DEPLOYMENT_TARGET = 9.0;
				MTL_ENABLE_DEBUG_INFO = YES;
				ONLY_ACTIVE_ARCH = YES;
				SDKROOT = iphoneos;
				SWIFT_OPTIMIZATION_LEVEL = "-Onone";
				TARGETED_DEVICE_FAMILY = "1,2";
			};
			name = Debug;
		};
		E89D60F21BD4D0780060D179 /* Release */ = {
			isa = XCBuildConfiguration;
			buildSettings = {
				ALWAYS_SEARCH_USER_PATHS = NO;
				CLANG_CXX_LANGUAGE_STANDARD = "gnu++0x";
				CLANG_CXX_LIBRARY = "libc++";
				CLANG_ENABLE_MODULES = YES;
				CLANG_ENABLE_OBJC_ARC = YES;
				CLANG_WARN_BOOL_CONVERSION = YES;
				CLANG_WARN_CONSTANT_CONVERSION = YES;
				CLANG_WARN_DIRECT_OBJC_ISA_USAGE = YES_ERROR;
				CLANG_WARN_EMPTY_BODY = YES;
				CLANG_WARN_ENUM_CONVERSION = YES;
				CLANG_WARN_INT_CONVERSION = YES;
				CLANG_WARN_OBJC_ROOT_CLASS = YES_ERROR;
				CLANG_WARN_UNREACHABLE_CODE = YES;
				CLANG_WARN__DUPLICATE_METHOD_MATCH = YES;
				"CODE_SIGN_IDENTITY[sdk=iphoneos*]" = "iPhone Developer";
				COPY_PHASE_STRIP = NO;
				DEBUG_INFORMATION_FORMAT = "dwarf-with-dsym";
				ENABLE_NS_ASSERTIONS = NO;
				ENABLE_STRICT_OBJC_MSGSEND = YES;
				GCC_C_LANGUAGE_STANDARD = gnu99;
				GCC_NO_COMMON_BLOCKS = YES;
				GCC_WARN_64_TO_32_BIT_CONVERSION = YES;
				GCC_WARN_ABOUT_RETURN_TYPE = YES_ERROR;
				GCC_WARN_UNDECLARED_SELECTOR = YES;
				GCC_WARN_UNINITIALIZED_AUTOS = YES_AGGRESSIVE;
				GCC_WARN_UNUSED_FUNCTION = YES;
				GCC_WARN_UNUSED_VARIABLE = YES;
				IPHONEOS_DEPLOYMENT_TARGET = 9.0;
				MTL_ENABLE_DEBUG_INFO = NO;
				SDKROOT = iphoneos;
				TARGETED_DEVICE_FAMILY = "1,2";
				VALIDATE_PRODUCT = YES;
			};
			name = Release;
		};
		E89D60F41BD4D0780060D179 /* Debug */ = {
			isa = XCBuildConfiguration;
			baseConfigurationReference = 89400ED334BA75277F7366F6 /* Pods-ContactCard.debug.xcconfig */;
			buildSettings = {
				ASSETCATALOG_COMPILER_APPICON_NAME = AppIcon;
				INFOPLIST_FILE = ContactCard/Info.plist;
				LD_RUNPATH_SEARCH_PATHS = "$(inherited) @executable_path/Frameworks";
				PRODUCT_BUNDLE_IDENTIFIER = ruben.ContactCard;
				PRODUCT_NAME = "$(TARGET_NAME)";
			};
			name = Debug;
		};
		E89D60F51BD4D0780060D179 /* Release */ = {
			isa = XCBuildConfiguration;
			baseConfigurationReference = 83EC755156603541ED45D1B9 /* Pods-ContactCard.release.xcconfig */;
			buildSettings = {
				ASSETCATALOG_COMPILER_APPICON_NAME = AppIcon;
				INFOPLIST_FILE = ContactCard/Info.plist;
				LD_RUNPATH_SEARCH_PATHS = "$(inherited) @executable_path/Frameworks";
				PRODUCT_BUNDLE_IDENTIFIER = ruben.ContactCard;
				PRODUCT_NAME = "$(TARGET_NAME)";
			};
			name = Release;
		};
		E89D60F71BD4D0780060D179 /* Debug */ = {
			isa = XCBuildConfiguration;
			buildSettings = {
				BUNDLE_LOADER = "$(TEST_HOST)";
				INFOPLIST_FILE = ContactCardTests/Info.plist;
				LD_RUNPATH_SEARCH_PATHS = "$(inherited) @executable_path/Frameworks @loader_path/Frameworks";
				PRODUCT_BUNDLE_IDENTIFIER = ruben.ContactCardTests;
				PRODUCT_NAME = "$(TARGET_NAME)";
				TEST_HOST = "$(BUILT_PRODUCTS_DIR)/ContactCard.app/ContactCard";
			};
			name = Debug;
		};
		E89D60F81BD4D0780060D179 /* Release */ = {
			isa = XCBuildConfiguration;
			buildSettings = {
				BUNDLE_LOADER = "$(TEST_HOST)";
				INFOPLIST_FILE = ContactCardTests/Info.plist;
				LD_RUNPATH_SEARCH_PATHS = "$(inherited) @executable_path/Frameworks @loader_path/Frameworks";
				PRODUCT_BUNDLE_IDENTIFIER = ruben.ContactCardTests;
				PRODUCT_NAME = "$(TARGET_NAME)";
				TEST_HOST = "$(BUILT_PRODUCTS_DIR)/ContactCard.app/ContactCard";
			};
			name = Release;
		};
		E89D60FA1BD4D0780060D179 /* Debug */ = {
			isa = XCBuildConfiguration;
			buildSettings = {
				INFOPLIST_FILE = ContactCardUITests/Info.plist;
				LD_RUNPATH_SEARCH_PATHS = "$(inherited) @executable_path/Frameworks @loader_path/Frameworks";
				PRODUCT_BUNDLE_IDENTIFIER = ruben.ContactCardUITests;
				PRODUCT_NAME = "$(TARGET_NAME)";
				TEST_TARGET_NAME = ContactCard;
				USES_XCTRUNNER = YES;
			};
			name = Debug;
		};
		E89D60FB1BD4D0780060D179 /* Release */ = {
			isa = XCBuildConfiguration;
			buildSettings = {
				INFOPLIST_FILE = ContactCardUITests/Info.plist;
				LD_RUNPATH_SEARCH_PATHS = "$(inherited) @executable_path/Frameworks @loader_path/Frameworks";
				PRODUCT_BUNDLE_IDENTIFIER = ruben.ContactCardUITests;
				PRODUCT_NAME = "$(TARGET_NAME)";
				TEST_TARGET_NAME = ContactCard;
				USES_XCTRUNNER = YES;
			};
			name = Release;
		};
/* End XCBuildConfiguration section */

/* Begin XCConfigurationList section */
		E89D60C61BD4D0770060D179 /* Build configuration list for PBXProject "ContactCard" */ = {
			isa = XCConfigurationList;
			buildConfigurations = (
				E89D60F11BD4D0780060D179 /* Debug */,
				E89D60F21BD4D0780060D179 /* Release */,
			);
			defaultConfigurationIsVisible = 0;
			defaultConfigurationName = Release;
		};
		E89D60F31BD4D0780060D179 /* Build configuration list for PBXNativeTarget "ContactCard" */ = {
			isa = XCConfigurationList;
			buildConfigurations = (
				E89D60F41BD4D0780060D179 /* Debug */,
				E89D60F51BD4D0780060D179 /* Release */,
			);
			defaultConfigurationIsVisible = 0;
			defaultConfigurationName = Release;
		};
		E89D60F61BD4D0780060D179 /* Build configuration list for PBXNativeTarget "ContactCardTests" */ = {
			isa = XCConfigurationList;
			buildConfigurations = (
				E89D60F71BD4D0780060D179 /* Debug */,
				E89D60F81BD4D0780060D179 /* Release */,
			);
			defaultConfigurationIsVisible = 0;
			defaultConfigurationName = Release;
		};
		E89D60F91BD4D0780060D179 /* Build configuration list for PBXNativeTarget "ContactCardUITests" */ = {
			isa = XCConfigurationList;
			buildConfigurations = (
				E89D60FA1BD4D0780060D179 /* Debug */,
				E89D60FB1BD4D0780060D179 /* Release */,
			);
			defaultConfigurationIsVisible = 0;
			defaultConfigurationName = Release;
		};
/* End XCConfigurationList section */

/* Begin XCVersionGroup section */
		E8616EC31BD7AE5B0005F779 /* CoreData.xcdatamodeld */ = {
			isa = XCVersionGroup;
			children = (
				E8616EC41BD7AE5B0005F779 /* CoreData.xcdatamodel */,
			);
			currentVersion = E8616EC41BD7AE5B0005F779 /* CoreData.xcdatamodel */;
			path = CoreData.xcdatamodeld;
			sourceTree = "<group>";
			versionGroupType = wrapper.xcdatamodel;
		};
/* End XCVersionGroup section */
	};
	rootObject = E89D60C31BD4D0770060D179 /* Project object */;
}
